// !$*UTF8*$!
{
	archiveVersion = 1;
	classes = {
	};
	objectVersion = 52;
	objects = {

/* Begin PBXBuildFile section */
		F41B777126035BA900EA507F /* AppDelegate.swift in Sources */ = {isa = PBXBuildFile; fileRef = F41B777026035BA900EA507F /* AppDelegate.swift */; };
		F41B777326035BA900EA507F /* SceneDelegate.swift in Sources */ = {isa = PBXBuildFile; fileRef = F41B777226035BA900EA507F /* SceneDelegate.swift */; };
		F41B777526035BA900EA507F /* ContentView.swift in Sources */ = {isa = PBXBuildFile; fileRef = F41B777426035BA900EA507F /* ContentView.swift */; };
		F41B777826035BA900EA507F /* Bachelor2.xcdatamodeld in Sources */ = {isa = PBXBuildFile; fileRef = F41B777626035BA900EA507F /* Bachelor2.xcdatamodeld */; };
		F41B777A26035BAA00EA507F /* Assets.xcassets in Resources */ = {isa = PBXBuildFile; fileRef = F41B777926035BAA00EA507F /* Assets.xcassets */; };
		F41B777D26035BAA00EA507F /* Preview Assets.xcassets in Resources */ = {isa = PBXBuildFile; fileRef = F41B777C26035BAA00EA507F /* Preview Assets.xcassets */; };
		F41B778A2603612D00EA507F /* Structs.swift in Sources */ = {isa = PBXBuildFile; fileRef = F41B77892603612C00EA507F /* Structs.swift */; };
		F41B77902603716000EA507F /* Document.swift in Sources */ = {isa = PBXBuildFile; fileRef = F41B778F2603716000EA507F /* Document.swift */; };
		F43B797F263068C100AD27D6 /* MNISTClassifier.mlmodel in Sources */ = {isa = PBXBuildFile; fileRef = F43B797C263068C100AD27D6 /* MNISTClassifier.mlmodel */; };
		F43B7980263068C100AD27D6 /* OpenWeatherController.swift in Sources */ = {isa = PBXBuildFile; fileRef = F43B797D263068C100AD27D6 /* OpenWeatherController.swift */; };
		F43B7981263068C100AD27D6 /* NSAttributedCKRecordTransformer.swift in Sources */ = {isa = PBXBuildFile; fileRef = F43B797E263068C100AD27D6 /* NSAttributedCKRecordTransformer.swift */; };
		F4FD02522605F6D700B21D85 /* ProtocolView.swift in Sources */ = {isa = PBXBuildFile; fileRef = F4FD02512605F6D700B21D85 /* ProtocolView.swift */; };
		F4FD025C2609EA1700B21D85 /* Extensions.swift in Sources */ = {isa = PBXBuildFile; fileRef = F4FD025B2609EA1700B21D85 /* Extensions.swift */; };
		F4FD02602609FB8B00B21D85 /* DateView.swift in Sources */ = {isa = PBXBuildFile; fileRef = F4FD025F2609FB8B00B21D85 /* DateView.swift */; };
		F4FD0266260A088100B21D85 /* CloudKit.framework in Frameworks */ = {isa = PBXBuildFile; fileRef = F4FD0265260A088100B21D85 /* CloudKit.framework */; };
		F4FD02C02615D2A700B21D85 /* MyPhoto+CoreDataProperties.swift in Sources */ = {isa = PBXBuildFile; fileRef = F4FD02BD2615D2A700B21D85 /* MyPhoto+CoreDataProperties.swift */; };
		F4FD02CB2615D38000B21D85 /* Zip in Frameworks */ = {isa = PBXBuildFile; productRef = F4FD02CA2615D38000B21D85 /* Zip */; };
		F4FD02D12615D5AC00B21D85 /* CloudHelper.swift in Sources */ = {isa = PBXBuildFile; fileRef = F4FD02D02615D5AC00B21D85 /* CloudHelper.swift */; };
		F4FD02D72615D5C600B21D85 /* DatabaseArchive+CoreDataClass.swift in Sources */ = {isa = PBXBuildFile; fileRef = F4FD02D52615D5C600B21D85 /* DatabaseArchive+CoreDataClass.swift */; };
		F4FD02D82615D5C600B21D85 /* DatabaseArchive+CoreDataProperties.swift in Sources */ = {isa = PBXBuildFile; fileRef = F4FD02D62615D5C600B21D85 /* DatabaseArchive+CoreDataProperties.swift */; };
		F4FD02DC2615D5E100B21D85 /* MyPhoto+CoreDataClass.swift in Sources */ = {isa = PBXBuildFile; fileRef = F4FD02DB2615D5E100B21D85 /* MyPhoto+CoreDataClass.swift */; };
		F4FD02DF2615D5F900B21D85 /* TextRecognizer.swift in Sources */ = {isa = PBXBuildFile; fileRef = F4FD02DE2615D5F900B21D85 /* TextRecognizer.swift */; };
		F4FD02E22615D60D00B21D85 /* DirsHelper.swift in Sources */ = {isa = PBXBuildFile; fileRef = F4FD02E12615D60D00B21D85 /* DirsHelper.swift */; };
		F4FD02E52615D61900B21D85 /* PhotoView.swift in Sources */ = {isa = PBXBuildFile; fileRef = F4FD02E42615D61900B21D85 /* PhotoView.swift */; };
		F4FD02E92615D62C00B21D85 /* PhotoPicker.swift in Sources */ = {isa = PBXBuildFile; fileRef = F4FD02E72615D62C00B21D85 /* PhotoPicker.swift */; };
		F4FD02EA2615D62C00B21D85 /* ImageLoader.swift in Sources */ = {isa = PBXBuildFile; fileRef = F4FD02E82615D62C00B21D85 /* ImageLoader.swift */; };
		F4FD02F22617140000B21D85 /* OutputArchive+CoreDataClass.swift in Sources */ = {isa = PBXBuildFile; fileRef = F4FD02F0261713FF00B21D85 /* OutputArchive+CoreDataClass.swift */; };
		F4FD02F32617140000B21D85 /* OutputArchive+CoreDataProperties.swift in Sources */ = {isa = PBXBuildFile; fileRef = F4FD02F1261713FF00B21D85 /* OutputArchive+CoreDataProperties.swift */; };
		F4FD02F62617269900B21D85 /* VersionsView.swift in Sources */ = {isa = PBXBuildFile; fileRef = F4FD02F52617269900B21D85 /* VersionsView.swift */; };
		F4FD02F92617787300B21D85 /* FilterView.swift in Sources */ = {isa = PBXBuildFile; fileRef = F4FD02F82617787200B21D85 /* FilterView.swift */; };
		F4FD02FC26177B4500B21D85 /* ProtocolList.swift in Sources */ = {isa = PBXBuildFile; fileRef = F4FD02FB26177B4500B21D85 /* ProtocolList.swift */; };
		F4FD03002618545000B21D85 /* PDFHelper.swift in Sources */ = {isa = PBXBuildFile; fileRef = F4FD02FF2618545000B21D85 /* PDFHelper.swift */; };
		F4FD03042618D1F900B21D85 /* CreatorView.swift in Sources */ = {isa = PBXBuildFile; fileRef = F4FD03032618D1F900B21D85 /* CreatorView.swift */; };
		F4FD03072618D21700B21D85 /* DropDown.swift in Sources */ = {isa = PBXBuildFile; fileRef = F4FD03062618D21700B21D85 /* DropDown.swift */; };
		F4FD030A261A034F00B21D85 /* ClimaView.swift in Sources */ = {isa = PBXBuildFile; fileRef = F4FD0309261A034F00B21D85 /* ClimaView.swift */; };
		F4FD030E261A193600B21D85 /* ImagePicker.swift in Sources */ = {isa = PBXBuildFile; fileRef = F4FD030D261A193600B21D85 /* ImagePicker.swift */; };
		F4FD0313261B5BFF00B21D85 /* LogoPicker.swift in Sources */ = {isa = PBXBuildFile; fileRef = F4FD0312261B5BFF00B21D85 /* LogoPicker.swift */; };
/* End PBXBuildFile section */

/* Begin PBXFileReference section */
		F41B776D26035BA900EA507F /* Bachelor2.app */ = {isa = PBXFileReference; explicitFileType = wrapper.application; includeInIndex = 0; path = Bachelor2.app; sourceTree = BUILT_PRODUCTS_DIR; };
		F41B777026035BA900EA507F /* AppDelegate.swift */ = {isa = PBXFileReference; lastKnownFileType = sourcecode.swift; path = AppDelegate.swift; sourceTree = "<group>"; };
		F41B777226035BA900EA507F /* SceneDelegate.swift */ = {isa = PBXFileReference; lastKnownFileType = sourcecode.swift; path = SceneDelegate.swift; sourceTree = "<group>"; };
		F41B777426035BA900EA507F /* ContentView.swift */ = {isa = PBXFileReference; lastKnownFileType = sourcecode.swift; path = ContentView.swift; sourceTree = "<group>"; };
		F41B777726035BA900EA507F /* Bachelor2.xcdatamodel */ = {isa = PBXFileReference; lastKnownFileType = wrapper.xcdatamodel; path = Bachelor2.xcdatamodel; sourceTree = "<group>"; };
		F41B777926035BAA00EA507F /* Assets.xcassets */ = {isa = PBXFileReference; lastKnownFileType = folder.assetcatalog; path = Assets.xcassets; sourceTree = "<group>"; };
		F41B777C26035BAA00EA507F /* Preview Assets.xcassets */ = {isa = PBXFileReference; lastKnownFileType = folder.assetcatalog; path = "Preview Assets.xcassets"; sourceTree = "<group>"; };
		F41B778126035BAA00EA507F /* Info.plist */ = {isa = PBXFileReference; lastKnownFileType = text.plist.xml; path = Info.plist; sourceTree = "<group>"; };
		F41B77892603612C00EA507F /* Structs.swift */ = {isa = PBXFileReference; lastKnownFileType = sourcecode.swift; path = Structs.swift; sourceTree = "<group>"; };
		F41B778F2603716000EA507F /* Document.swift */ = {isa = PBXFileReference; lastKnownFileType = sourcecode.swift; path = Document.swift; sourceTree = "<group>"; };
		F43B797C263068C100AD27D6 /* MNISTClassifier.mlmodel */ = {isa = PBXFileReference; lastKnownFileType = file.mlmodel; path = MNISTClassifier.mlmodel; sourceTree = "<group>"; };
		F43B797D263068C100AD27D6 /* OpenWeatherController.swift */ = {isa = PBXFileReference; fileEncoding = 4; lastKnownFileType = sourcecode.swift; path = OpenWeatherController.swift; sourceTree = "<group>"; };
		F43B797E263068C100AD27D6 /* NSAttributedCKRecordTransformer.swift */ = {isa = PBXFileReference; fileEncoding = 4; lastKnownFileType = sourcecode.swift; path = NSAttributedCKRecordTransformer.swift; sourceTree = "<group>"; };
		F4FD02512605F6D700B21D85 /* ProtocolView.swift */ = {isa = PBXFileReference; lastKnownFileType = sourcecode.swift; path = ProtocolView.swift; sourceTree = "<group>"; };
		F4FD025B2609EA1700B21D85 /* Extensions.swift */ = {isa = PBXFileReference; lastKnownFileType = sourcecode.swift; path = Extensions.swift; sourceTree = "<group>"; };
		F4FD025F2609FB8B00B21D85 /* DateView.swift */ = {isa = PBXFileReference; lastKnownFileType = sourcecode.swift; path = DateView.swift; sourceTree = "<group>"; };
		F4FD0262260A087A00B21D85 /* Bachelor2.entitlements */ = {isa = PBXFileReference; lastKnownFileType = text.plist.entitlements; path = Bachelor2.entitlements; sourceTree = "<group>"; };
		F4FD0265260A088100B21D85 /* CloudKit.framework */ = {isa = PBXFileReference; lastKnownFileType = wrapper.framework; name = CloudKit.framework; path = System/Library/Frameworks/CloudKit.framework; sourceTree = SDKROOT; };
		F4FD02BD2615D2A700B21D85 /* MyPhoto+CoreDataProperties.swift */ = {isa = PBXFileReference; lastKnownFileType = sourcecode.swift; name = "MyPhoto+CoreDataProperties.swift"; path = "Bachelor2/CoreData/MyPhoto+CoreDataProperties.swift"; sourceTree = SOURCE_ROOT; };
		F4FD02D02615D5AC00B21D85 /* CloudHelper.swift */ = {isa = PBXFileReference; fileEncoding = 4; lastKnownFileType = sourcecode.swift; path = CloudHelper.swift; sourceTree = "<group>"; };
		F4FD02D52615D5C600B21D85 /* DatabaseArchive+CoreDataClass.swift */ = {isa = PBXFileReference; fileEncoding = 4; lastKnownFileType = sourcecode.swift; path = "DatabaseArchive+CoreDataClass.swift"; sourceTree = "<group>"; };
		F4FD02D62615D5C600B21D85 /* DatabaseArchive+CoreDataProperties.swift */ = {isa = PBXFileReference; fileEncoding = 4; lastKnownFileType = sourcecode.swift; path = "DatabaseArchive+CoreDataProperties.swift"; sourceTree = "<group>"; };
		F4FD02DB2615D5E100B21D85 /* MyPhoto+CoreDataClass.swift */ = {isa = PBXFileReference; fileEncoding = 4; lastKnownFileType = sourcecode.swift; path = "MyPhoto+CoreDataClass.swift"; sourceTree = "<group>"; };
		F4FD02DE2615D5F900B21D85 /* TextRecognizer.swift */ = {isa = PBXFileReference; fileEncoding = 4; lastKnownFileType = sourcecode.swift; path = TextRecognizer.swift; sourceTree = "<group>"; };
		F4FD02E12615D60D00B21D85 /* DirsHelper.swift */ = {isa = PBXFileReference; fileEncoding = 4; lastKnownFileType = sourcecode.swift; path = DirsHelper.swift; sourceTree = "<group>"; };
		F4FD02E42615D61900B21D85 /* PhotoView.swift */ = {isa = PBXFileReference; fileEncoding = 4; lastKnownFileType = sourcecode.swift; path = PhotoView.swift; sourceTree = "<group>"; };
		F4FD02E72615D62C00B21D85 /* PhotoPicker.swift */ = {isa = PBXFileReference; fileEncoding = 4; lastKnownFileType = sourcecode.swift; path = PhotoPicker.swift; sourceTree = "<group>"; };
		F4FD02E82615D62C00B21D85 /* ImageLoader.swift */ = {isa = PBXFileReference; fileEncoding = 4; lastKnownFileType = sourcecode.swift; path = ImageLoader.swift; sourceTree = "<group>"; };
		F4FD02F0261713FF00B21D85 /* OutputArchive+CoreDataClass.swift */ = {isa = PBXFileReference; lastKnownFileType = sourcecode.swift; name = "OutputArchive+CoreDataClass.swift"; path = "Bachelor2/CoreData/OutputArchive+CoreDataClass.swift"; sourceTree = SOURCE_ROOT; };
		F4FD02F1261713FF00B21D85 /* OutputArchive+CoreDataProperties.swift */ = {isa = PBXFileReference; lastKnownFileType = sourcecode.swift; name = "OutputArchive+CoreDataProperties.swift"; path = "Bachelor2/CoreData/OutputArchive+CoreDataProperties.swift"; sourceTree = SOURCE_ROOT; };
		F4FD02F52617269900B21D85 /* VersionsView.swift */ = {isa = PBXFileReference; lastKnownFileType = sourcecode.swift; path = VersionsView.swift; sourceTree = "<group>"; };
		F4FD02F82617787200B21D85 /* FilterView.swift */ = {isa = PBXFileReference; lastKnownFileType = sourcecode.swift; path = FilterView.swift; sourceTree = "<group>"; };
		F4FD02FB26177B4500B21D85 /* ProtocolList.swift */ = {isa = PBXFileReference; lastKnownFileType = sourcecode.swift; path = ProtocolList.swift; sourceTree = "<group>"; };
		F4FD02FF2618545000B21D85 /* PDFHelper.swift */ = {isa = PBXFileReference; lastKnownFileType = sourcecode.swift; path = PDFHelper.swift; sourceTree = "<group>"; };
		F4FD03032618D1F900B21D85 /* CreatorView.swift */ = {isa = PBXFileReference; lastKnownFileType = sourcecode.swift; path = CreatorView.swift; sourceTree = "<group>"; };
		F4FD03062618D21700B21D85 /* DropDown.swift */ = {isa = PBXFileReference; lastKnownFileType = sourcecode.swift; path = DropDown.swift; sourceTree = "<group>"; };
		F4FD0309261A034F00B21D85 /* ClimaView.swift */ = {isa = PBXFileReference; lastKnownFileType = sourcecode.swift; path = ClimaView.swift; sourceTree = "<group>"; };
		F4FD030D261A193600B21D85 /* ImagePicker.swift */ = {isa = PBXFileReference; lastKnownFileType = sourcecode.swift; path = ImagePicker.swift; sourceTree = "<group>"; };
		F4FD0312261B5BFF00B21D85 /* LogoPicker.swift */ = {isa = PBXFileReference; lastKnownFileType = sourcecode.swift; path = LogoPicker.swift; sourceTree = "<group>"; };
/* End PBXFileReference section */

/* Begin PBXFrameworksBuildPhase section */
		F41B776A26035BA900EA507F /* Frameworks */ = {
			isa = PBXFrameworksBuildPhase;
			buildActionMask = 2147483647;
			files = (
				F4FD02CB2615D38000B21D85 /* Zip in Frameworks */,
				F4FD0266260A088100B21D85 /* CloudKit.framework in Frameworks */,
			);
			runOnlyForDeploymentPostprocessing = 0;
		};
/* End PBXFrameworksBuildPhase section */

/* Begin PBXGroup section */
		F41B776426035BA900EA507F = {
			isa = PBXGroup;
			children = (
				F41B776F26035BA900EA507F /* Bachelor2 */,
				F41B776E26035BA900EA507F /* Products */,
				F4FD0264260A088100B21D85 /* Frameworks */,
			);
			sourceTree = "<group>";
		};
		F41B776E26035BA900EA507F /* Products */ = {
			isa = PBXGroup;
			children = (
				F41B776D26035BA900EA507F /* Bachelor2.app */,
			);
			name = Products;
			sourceTree = "<group>";
		};
		F41B776F26035BA900EA507F /* Bachelor2 */ = {
			isa = PBXGroup;
			children = (
				F4FD0262260A087A00B21D85 /* Bachelor2.entitlements */,
				F41B777026035BA900EA507F /* AppDelegate.swift */,
				F41B777226035BA900EA507F /* SceneDelegate.swift */,
				F43B797C263068C100AD27D6 /* MNISTClassifier.mlmodel */,
				F4B641F5264827C60013F386 /* CoreData */,
				F4B641F6264828300013F386 /* Views */,
				F4B641F8264828C60013F386 /* Classes */,
				F41B77892603612C00EA507F /* Structs.swift */,
				F4FD025B2609EA1700B21D85 /* Extensions.swift */,
				F4FD02DE2615D5F900B21D85 /* TextRecognizer.swift */,
				F41B777926035BAA00EA507F /* Assets.xcassets */,
				F41B778126035BAA00EA507F /* Info.plist */,
				F41B777626035BA900EA507F /* Bachelor2.xcdatamodeld */,
				F41B777B26035BAA00EA507F /* Preview Content */,
			);
			path = Bachelor2;
			sourceTree = "<group>";
		};
		F41B777B26035BAA00EA507F /* Preview Content */ = {
			isa = PBXGroup;
			children = (
				F41B777C26035BAA00EA507F /* Preview Assets.xcassets */,
			);
			path = "Preview Content";
			sourceTree = "<group>";
		};
		F4B641F5264827C60013F386 /* CoreData */ = {
			isa = PBXGroup;
			children = (
				F4FD02F0261713FF00B21D85 /* OutputArchive+CoreDataClass.swift */,
				F4FD02F1261713FF00B21D85 /* OutputArchive+CoreDataProperties.swift */,
				F4FD02DB2615D5E100B21D85 /* MyPhoto+CoreDataClass.swift */,
				F4FD02BD2615D2A700B21D85 /* MyPhoto+CoreDataProperties.swift */,
				F4FD02D52615D5C600B21D85 /* DatabaseArchive+CoreDataClass.swift */,
				F4FD02D62615D5C600B21D85 /* DatabaseArchive+CoreDataProperties.swift */,
			);
			path = CoreData;
			sourceTree = "<group>";
		};
		F4B641F6264828300013F386 /* Views */ = {
			isa = PBXGroup;
			children = (
				F41B777426035BA900EA507F /* ContentView.swift */,
				F4FD02512605F6D700B21D85 /* ProtocolView.swift */,
				F4FD02FB26177B4500B21D85 /* ProtocolList.swift */,
				F4FD025F2609FB8B00B21D85 /* DateView.swift */,
				F4FD02E42615D61900B21D85 /* PhotoView.swift */,
				F4FD02F52617269900B21D85 /* VersionsView.swift */,
				F4FD02F82617787200B21D85 /* FilterView.swift */,
				F4FD03032618D1F900B21D85 /* CreatorView.swift */,
				F4FD03062618D21700B21D85 /* DropDown.swift */,
				F4FD0309261A034F00B21D85 /* ClimaView.swift */,
			);
			path = Views;
			sourceTree = "<group>";
		};
		F4B641F8264828C60013F386 /* Classes */ = {
			isa = PBXGroup;
			children = (
				F4FD02D02615D5AC00B21D85 /* CloudHelper.swift */,
				F41B778F2603716000EA507F /* Document.swift */,
				F4FD02E12615D60D00B21D85 /* DirsHelper.swift */,
				F4FD02E82615D62C00B21D85 /* ImageLoader.swift */,
				F4FD02E72615D62C00B21D85 /* PhotoPicker.swift */,
				F4FD030D261A193600B21D85 /* ImagePicker.swift */,
				F4FD0312261B5BFF00B21D85 /* LogoPicker.swift */,
				F4FD02FF2618545000B21D85 /* PDFHelper.swift */,
				F43B797E263068C100AD27D6 /* NSAttributedCKRecordTransformer.swift */,
				F43B797D263068C100AD27D6 /* OpenWeatherController.swift */,
			);
			path = Classes;
			sourceTree = "<group>";
		};
		F4FD0264260A088100B21D85 /* Frameworks */ = {
			isa = PBXGroup;
			children = (
				F4FD0265260A088100B21D85 /* CloudKit.framework */,
			);
			name = Frameworks;
			sourceTree = "<group>";
		};
/* End PBXGroup section */

/* Begin PBXNativeTarget section */
		F41B776C26035BA900EA507F /* Bachelor2 */ = {
			isa = PBXNativeTarget;
			buildConfigurationList = F41B778426035BAA00EA507F /* Build configuration list for PBXNativeTarget "Bachelor2" */;
			buildPhases = (
				F41B776926035BA900EA507F /* Sources */,
				F41B776A26035BA900EA507F /* Frameworks */,
				F41B776B26035BA900EA507F /* Resources */,
			);
			buildRules = (
			);
			dependencies = (
			);
			name = Bachelor2;
			packageProductDependencies = (
				F4FD02CA2615D38000B21D85 /* Zip */,
			);
			productName = Bachelor2;
			productReference = F41B776D26035BA900EA507F /* Bachelor2.app */;
			productType = "com.apple.product-type.application";
		};
/* End PBXNativeTarget section */

/* Begin PBXProject section */
		F41B776526035BA900EA507F /* Project object */ = {
			isa = PBXProject;
			attributes = {
				LastSwiftUpdateCheck = 1240;
				LastUpgradeCheck = 1240;
				TargetAttributes = {
					F41B776C26035BA900EA507F = {
						CreatedOnToolsVersion = 12.4;
					};
				};
			};
			buildConfigurationList = F41B776826035BA900EA507F /* Build configuration list for PBXProject "Bachelor2" */;
			compatibilityVersion = "Xcode 9.3";
			developmentRegion = en;
			hasScannedForEncodings = 0;
			knownRegions = (
				en,
				Base,
			);
			mainGroup = F41B776426035BA900EA507F;
			packageReferences = (
				F4FD02C92615D38000B21D85 /* XCRemoteSwiftPackageReference "Zip" */,
			);
			productRefGroup = F41B776E26035BA900EA507F /* Products */;
			projectDirPath = "";
			projectRoot = "";
			targets = (
				F41B776C26035BA900EA507F /* Bachelor2 */,
			);
		};
/* End PBXProject section */

/* Begin PBXResourcesBuildPhase section */
		F41B776B26035BA900EA507F /* Resources */ = {
			isa = PBXResourcesBuildPhase;
			buildActionMask = 2147483647;
			files = (
				F41B777D26035BAA00EA507F /* Preview Assets.xcassets in Resources */,
				F41B777A26035BAA00EA507F /* Assets.xcassets in Resources */,
			);
			runOnlyForDeploymentPostprocessing = 0;
		};
/* End PBXResourcesBuildPhase section */

/* Begin PBXSourcesBuildPhase section */
		F41B776926035BA900EA507F /* Sources */ = {
			isa = PBXSourcesBuildPhase;
			buildActionMask = 2147483647;
			files = (
				F4FD02E22615D60D00B21D85 /* DirsHelper.swift in Sources */,
				F4FD02522605F6D700B21D85 /* ProtocolView.swift in Sources */,
				F4FD02EA2615D62C00B21D85 /* ImageLoader.swift in Sources */,
				F4FD030A261A034F00B21D85 /* ClimaView.swift in Sources */,
				F4FD02602609FB8B00B21D85 /* DateView.swift in Sources */,
				F4FD03002618545000B21D85 /* PDFHelper.swift in Sources */,
				F4FD0313261B5BFF00B21D85 /* LogoPicker.swift in Sources */,
				F4FD02F92617787300B21D85 /* FilterView.swift in Sources */,
				F4FD02E52615D61900B21D85 /* PhotoView.swift in Sources */,
				F4FD030E261A193600B21D85 /* ImagePicker.swift in Sources */,
				F41B777826035BA900EA507F /* Bachelor2.xcdatamodeld in Sources */,
				F41B777126035BA900EA507F /* AppDelegate.swift in Sources */,
				F4FD02D82615D5C600B21D85 /* DatabaseArchive+CoreDataProperties.swift in Sources */,
				F4FD02F62617269900B21D85 /* VersionsView.swift in Sources */,
				F4FD02E92615D62C00B21D85 /* PhotoPicker.swift in Sources */,
				F4FD02C02615D2A700B21D85 /* MyPhoto+CoreDataProperties.swift in Sources */,
				F4FD02F22617140000B21D85 /* OutputArchive+CoreDataClass.swift in Sources */,
				F4FD03042618D1F900B21D85 /* CreatorView.swift in Sources */,
				F41B77902603716000EA507F /* Document.swift in Sources */,
				F4FD02D12615D5AC00B21D85 /* CloudHelper.swift in Sources */,
				F43B7981263068C100AD27D6 /* NSAttributedCKRecordTransformer.swift in Sources */,
				F4FD025C2609EA1700B21D85 /* Extensions.swift in Sources */,
				F4FD02F32617140000B21D85 /* OutputArchive+CoreDataProperties.swift in Sources */,
				F4FD02FC26177B4500B21D85 /* ProtocolList.swift in Sources */,
				F41B777326035BA900EA507F /* SceneDelegate.swift in Sources */,
				F4FD02DC2615D5E100B21D85 /* MyPhoto+CoreDataClass.swift in Sources */,
				F4FD02DF2615D5F900B21D85 /* TextRecognizer.swift in Sources */,
				F41B778A2603612D00EA507F /* Structs.swift in Sources */,
				F43B797F263068C100AD27D6 /* MNISTClassifier.mlmodel in Sources */,
				F43B7980263068C100AD27D6 /* OpenWeatherController.swift in Sources */,
				F41B777526035BA900EA507F /* ContentView.swift in Sources */,
				F4FD03072618D21700B21D85 /* DropDown.swift in Sources */,
				F4FD02D72615D5C600B21D85 /* DatabaseArchive+CoreDataClass.swift in Sources */,
			);
			runOnlyForDeploymentPostprocessing = 0;
		};
/* End PBXSourcesBuildPhase section */

/* Begin XCBuildConfiguration section */
		F41B778226035BAA00EA507F /* Debug */ = {
			isa = XCBuildConfiguration;
			buildSettings = {
				ALWAYS_SEARCH_USER_PATHS = NO;
				CLANG_ANALYZER_NONNULL = YES;
				CLANG_ANALYZER_NUMBER_OBJECT_CONVERSION = YES_AGGRESSIVE;
				CLANG_CXX_LANGUAGE_STANDARD = "gnu++14";
				CLANG_CXX_LIBRARY = "libc++";
				CLANG_ENABLE_MODULES = YES;
				CLANG_ENABLE_OBJC_ARC = YES;
				CLANG_ENABLE_OBJC_WEAK = YES;
				CLANG_WARN_BLOCK_CAPTURE_AUTORELEASING = YES;
				CLANG_WARN_BOOL_CONVERSION = YES;
				CLANG_WARN_COMMA = YES;
				CLANG_WARN_CONSTANT_CONVERSION = YES;
				CLANG_WARN_DEPRECATED_OBJC_IMPLEMENTATIONS = YES;
				CLANG_WARN_DIRECT_OBJC_ISA_USAGE = YES_ERROR;
				CLANG_WARN_DOCUMENTATION_COMMENTS = YES;
				CLANG_WARN_EMPTY_BODY = YES;
				CLANG_WARN_ENUM_CONVERSION = YES;
				CLANG_WARN_INFINITE_RECURSION = YES;
				CLANG_WARN_INT_CONVERSION = YES;
				CLANG_WARN_NON_LITERAL_NULL_CONVERSION = YES;
				CLANG_WARN_OBJC_IMPLICIT_RETAIN_SELF = YES;
				CLANG_WARN_OBJC_LITERAL_CONVERSION = YES;
				CLANG_WARN_OBJC_ROOT_CLASS = YES_ERROR;
				CLANG_WARN_QUOTED_INCLUDE_IN_FRAMEWORK_HEADER = YES;
				CLANG_WARN_RANGE_LOOP_ANALYSIS = YES;
				CLANG_WARN_STRICT_PROTOTYPES = YES;
				CLANG_WARN_SUSPICIOUS_MOVE = YES;
				CLANG_WARN_UNGUARDED_AVAILABILITY = YES_AGGRESSIVE;
				CLANG_WARN_UNREACHABLE_CODE = YES;
				CLANG_WARN__DUPLICATE_METHOD_MATCH = YES;
				COPY_PHASE_STRIP = NO;
				DEBUG_INFORMATION_FORMAT = dwarf;
				ENABLE_STRICT_OBJC_MSGSEND = YES;
				ENABLE_TESTABILITY = YES;
				GCC_C_LANGUAGE_STANDARD = gnu11;
				GCC_DYNAMIC_NO_PIC = NO;
				GCC_NO_COMMON_BLOCKS = YES;
				GCC_OPTIMIZATION_LEVEL = 0;
				GCC_PREPROCESSOR_DEFINITIONS = (
					"DEBUG=1",
					"$(inherited)",
				);
				GCC_WARN_64_TO_32_BIT_CONVERSION = YES;
				GCC_WARN_ABOUT_RETURN_TYPE = YES_ERROR;
				GCC_WARN_UNDECLARED_SELECTOR = YES;
				GCC_WARN_UNINITIALIZED_AUTOS = YES_AGGRESSIVE;
				GCC_WARN_UNUSED_FUNCTION = YES;
				GCC_WARN_UNUSED_VARIABLE = YES;
				IPHONEOS_DEPLOYMENT_TARGET = 14.4;
				MTL_ENABLE_DEBUG_INFO = INCLUDE_SOURCE;
				MTL_FAST_MATH = YES;
				ONLY_ACTIVE_ARCH = YES;
				SDKROOT = iphoneos;
				SWIFT_ACTIVE_COMPILATION_CONDITIONS = DEBUG;
				SWIFT_OPTIMIZATION_LEVEL = "-Onone";
			};
			name = Debug;
		};
		F41B778326035BAA00EA507F /* Release */ = {
			isa = XCBuildConfiguration;
			buildSettings = {
				ALWAYS_SEARCH_USER_PATHS = NO;
				CLANG_ANALYZER_NONNULL = YES;
				CLANG_ANALYZER_NUMBER_OBJECT_CONVERSION = YES_AGGRESSIVE;
				CLANG_CXX_LANGUAGE_STANDARD = "gnu++14";
				CLANG_CXX_LIBRARY = "libc++";
				CLANG_ENABLE_MODULES = YES;
				CLANG_ENABLE_OBJC_ARC = YES;
				CLANG_ENABLE_OBJC_WEAK = YES;
				CLANG_WARN_BLOCK_CAPTURE_AUTORELEASING = YES;
				CLANG_WARN_BOOL_CONVERSION = YES;
				CLANG_WARN_COMMA = YES;
				CLANG_WARN_CONSTANT_CONVERSION = YES;
				CLANG_WARN_DEPRECATED_OBJC_IMPLEMENTATIONS = YES;
				CLANG_WARN_DIRECT_OBJC_ISA_USAGE = YES_ERROR;
				CLANG_WARN_DOCUMENTATION_COMMENTS = YES;
				CLANG_WARN_EMPTY_BODY = YES;
				CLANG_WARN_ENUM_CONVERSION = YES;
				CLANG_WARN_INFINITE_RECURSION = YES;
				CLANG_WARN_INT_CONVERSION = YES;
				CLANG_WARN_NON_LITERAL_NULL_CONVERSION = YES;
				CLANG_WARN_OBJC_IMPLICIT_RETAIN_SELF = YES;
				CLANG_WARN_OBJC_LITERAL_CONVERSION = YES;
				CLANG_WARN_OBJC_ROOT_CLASS = YES_ERROR;
				CLANG_WARN_QUOTED_INCLUDE_IN_FRAMEWORK_HEADER = YES;
				CLANG_WARN_RANGE_LOOP_ANALYSIS = YES;
				CLANG_WARN_STRICT_PROTOTYPES = YES;
				CLANG_WARN_SUSPICIOUS_MOVE = YES;
				CLANG_WARN_UNGUARDED_AVAILABILITY = YES_AGGRESSIVE;
				CLANG_WARN_UNREACHABLE_CODE = YES;
				CLANG_WARN__DUPLICATE_METHOD_MATCH = YES;
				COPY_PHASE_STRIP = NO;
				DEBUG_INFORMATION_FORMAT = "dwarf-with-dsym";
				ENABLE_NS_ASSERTIONS = NO;
				ENABLE_STRICT_OBJC_MSGSEND = YES;
				GCC_C_LANGUAGE_STANDARD = gnu11;
				GCC_NO_COMMON_BLOCKS = YES;
				GCC_WARN_64_TO_32_BIT_CONVERSION = YES;
				GCC_WARN_ABOUT_RETURN_TYPE = YES_ERROR;
				GCC_WARN_UNDECLARED_SELECTOR = YES;
				GCC_WARN_UNINITIALIZED_AUTOS = YES_AGGRESSIVE;
				GCC_WARN_UNUSED_FUNCTION = YES;
				GCC_WARN_UNUSED_VARIABLE = YES;
				IPHONEOS_DEPLOYMENT_TARGET = 14.4;
				MTL_ENABLE_DEBUG_INFO = NO;
				MTL_FAST_MATH = YES;
				SDKROOT = iphoneos;
				SWIFT_COMPILATION_MODE = wholemodule;
				SWIFT_OPTIMIZATION_LEVEL = "-O";
				VALIDATE_PRODUCT = YES;
			};
			name = Release;
		};
		F41B778526035BAA00EA507F /* Debug */ = {
			isa = XCBuildConfiguration;
			buildSettings = {
				ASSETCATALOG_COMPILER_APPICON_NAME = AppIcon;
				ASSETCATALOG_COMPILER_GLOBAL_ACCENT_COLOR_NAME = AccentColor;
				CODE_SIGN_ENTITLEMENTS = Bachelor2/Bachelor2.entitlements;
				CODE_SIGN_STYLE = Automatic;
				DEVELOPMENT_ASSET_PATHS = "\"Bachelor2/Preview Content\"";
				DEVELOPMENT_TEAM = 6DTJGF3D7H;
				ENABLE_PREVIEWS = YES;
				INFOPLIST_FILE = Bachelor2/Info.plist;
				IPHONEOS_DEPLOYMENT_TARGET = 14.4;
				LD_RUNPATH_SEARCH_PATHS = (
					"$(inherited)",
					"@executable_path/Frameworks",
				);
				PRODUCT_BUNDLE_IDENTIFIER = com.SimonSestak.Bachelor2;
				PRODUCT_NAME = "$(TARGET_NAME)";
				SWIFT_VERSION = 5.0;
				TARGETED_DEVICE_FAMILY = "1,2";
			};
			name = Debug;
		};
		F41B778626035BAA00EA507F /* Release */ = {
			isa = XCBuildConfiguration;
			buildSettings = {
				ASSETCATALOG_COMPILER_APPICON_NAME = AppIcon;
				ASSETCATALOG_COMPILER_GLOBAL_ACCENT_COLOR_NAME = AccentColor;
				CODE_SIGN_ENTITLEMENTS = Bachelor2/Bachelor2.entitlements;
				CODE_SIGN_STYLE = Automatic;
				DEVELOPMENT_ASSET_PATHS = "\"Bachelor2/Preview Content\"";
				DEVELOPMENT_TEAM = 6DTJGF3D7H;
				ENABLE_PREVIEWS = YES;
				INFOPLIST_FILE = Bachelor2/Info.plist;
				IPHONEOS_DEPLOYMENT_TARGET = 14.4;
				LD_RUNPATH_SEARCH_PATHS = (
					"$(inherited)",
					"@executable_path/Frameworks",
				);
				PRODUCT_BUNDLE_IDENTIFIER = com.SimonSestak.Bachelor2;
				PRODUCT_NAME = "$(TARGET_NAME)";
				SWIFT_VERSION = 5.0;
				TARGETED_DEVICE_FAMILY = "1,2";
			};
			name = Release;
		};
/* End XCBuildConfiguration section */

/* Begin XCConfigurationList section */
		F41B776826035BA900EA507F /* Build configuration list for PBXProject "Bachelor2" */ = {
			isa = XCConfigurationList;
			buildConfigurations = (
				F41B778226035BAA00EA507F /* Debug */,
				F41B778326035BAA00EA507F /* Release */,
			);
			defaultConfigurationIsVisible = 0;
			defaultConfigurationName = Release;
		};
		F41B778426035BAA00EA507F /* Build configuration list for PBXNativeTarget "Bachelor2" */ = {
			isa = XCConfigurationList;
			buildConfigurations = (
				F41B778526035BAA00EA507F /* Debug */,
				F41B778626035BAA00EA507F /* Release */,
			);
			defaultConfigurationIsVisible = 0;
			defaultConfigurationName = Release;
		};
/* End XCConfigurationList section */

/* Begin XCRemoteSwiftPackageReference section */
		F4FD02C92615D38000B21D85 /* XCRemoteSwiftPackageReference "Zip" */ = {
			isa = XCRemoteSwiftPackageReference;
			repositoryURL = "https://github.com/marmelroy/Zip";
			requirement = {
				kind = upToNextMajorVersion;
				minimumVersion = 2.1.1;
			};
		};
/* End XCRemoteSwiftPackageReference section */

/* Begin XCSwiftPackageProductDependency section */
		F4FD02CA2615D38000B21D85 /* Zip */ = {
			isa = XCSwiftPackageProductDependency;
			package = F4FD02C92615D38000B21D85 /* XCRemoteSwiftPackageReference "Zip" */;
			productName = Zip;
		};
/* End XCSwiftPackageProductDependency section */

/* Begin XCVersionGroup section */
		F41B777626035BA900EA507F /* Bachelor2.xcdatamodeld */ = {
			isa = XCVersionGroup;
			children = (
				F41B777726035BA900EA507F /* Bachelor2.xcdatamodel */,
			);
			currentVersion = F41B777726035BA900EA507F /* Bachelor2.xcdatamodel */;
			path = Bachelor2.xcdatamodeld;
			sourceTree = "<group>";
			versionGroupType = wrapper.xcdatamodel;
		};
/* End XCVersionGroup section */
	};
	rootObject = F41B776526035BA900EA507F /* Project object */;
}
